
Microsoft Visual Studio Solution File, Format Version 12.00
# Visual Studio Version 17
VisualStudioVersion = 17.14.36401.2
MinimumVisualStudioVersion = 10.0.40219.1
Project("{FAE04EC0-301F-11D3-BF4B-00C04F79EFBC}") = "Nexio Finance", "Nexio Finance\Nexio Finance.csproj", "{E5E8B5AC-022E-4C2D-A58A-8DBBAC3119A9}"
EndProject
Project("{FAE04EC0-301F-11D3-BF4B-00C04F79EFBC}") = "NexioFinance.McpServer", "NexioFinance.McpServer\NexioFinance.McpServer.csproj", "{0F76F0E5-9642-4A9E-AEF4-78768A5E7454}"
EndProject
Global
	GlobalSection(SolutionConfigurationPlatforms) = preSolution
		Debug|Any CPU = Debug|Any CPU
		Debug|x64 = Debug|x64
		Debug|x86 = Debug|x86
		Release|Any CPU = Release|Any CPU
		Release|x64 = Release|x64
		Release|x86 = Release|x86
	EndGlobalSection
	GlobalSection(ProjectConfigurationPlatforms) = postSolution
		{E5E8B5AC-022E-4C2D-A58A-8DBBAC3119A9}.Debug|Any CPU.ActiveCfg = Debug|Any CPU
		{E5E8B5AC-022E-4C2D-A58A-8DBBAC3119A9}.Debug|Any CPU.Build.0 = Debug|Any CPU
		{E5E8B5AC-022E-4C2D-A58A-8DBBAC3119A9}.Debug|x64.ActiveCfg = Debug|Any CPU
		{E5E8B5AC-022E-4C2D-A58A-8DBBAC3119A9}.Debug|x64.Build.0 = Debug|Any CPU
		{E5E8B5AC-022E-4C2D-A58A-8DBBAC3119A9}.Debug|x86.ActiveCfg = Debug|Any CPU
		{E5E8B5AC-022E-4C2D-A58A-8DBBAC3119A9}.Debug|x86.Build.0 = Debug|Any CPU
		{E5E8B5AC-022E-4C2D-A58A-8DBBAC3119A9}.Release|Any CPU.ActiveCfg = Release|Any CPU
		{E5E8B5AC-022E-4C2D-A58A-8DBBAC3119A9}.Release|Any CPU.Build.0 = Release|Any CPU
		{E5E8B5AC-022E-4C2D-A58A-8DBBAC3119A9}.Release|x64.ActiveCfg = Release|Any CPU
		{E5E8B5AC-022E-4C2D-A58A-8DBBAC3119A9}.Release|x64.Build.0 = Release|Any CPU
		{E5E8B5AC-022E-4C2D-A58A-8DBBAC3119A9}.Release|x86.ActiveCfg = Release|Any CPU
		{E5E8B5AC-022E-4C2D-A58A-8DBBAC3119A9}.Release|x86.Build.0 = Release|Any CPU
		{0F76F0E5-9642-4A9E-AEF4-78768A5E7454}.Debug|Any CPU.ActiveCfg = Debug|Any CPU
		{0F76F0E5-9642-4A9E-AEF4-78768A5E7454}.Debug|Any CPU.Build.0 = Debug|Any CPU
		{0F76F0E5-9642-4A9E-AEF4-78768A5E7454}.Debug|x64.ActiveCfg = Debug|Any CPU
		{0F76F0E5-9642-4A9E-AEF4-78768A5E7454}.Debug|x64.Build.0 = Debug|Any CPU
		{0F76F0E5-9642-4A9E-AEF4-78768A5E7454}.Debug|x86.ActiveCfg = Debug|Any CPU
		{0F76F0E5-9642-4A9E-AEF4-78768A5E7454}.Debug|x86.Build.0 = Debug|Any CPU
		{0F76F0E5-9642-4A9E-AEF4-78768A5E7454}.Release|Any CPU.ActiveCfg = Release|Any CPU
		{0F76F0E5-9642-4A9E-AEF4-78768A5E7454}.Release|Any CPU.Build.0 = Release|Any CPU
		{0F76F0E5-9642-4A9E-AEF4-78768A5E7454}.Release|x64.ActiveCfg = Release|Any CPU
		{0F76F0E5-9642-4A9E-AEF4-78768A5E7454}.Release|x64.Build.0 = Release|Any CPU
		{0F76F0E5-9642-4A9E-AEF4-78768A5E7454}.Release|x86.ActiveCfg = Release|Any CPU
		{0F76F0E5-9642-4A9E-AEF4-78768A5E7454}.Release|x86.Build.0 = Release|Any CPU
	EndGlobalSection
	GlobalSection(SolutionProperties) = preSolution
		HideSolutionNode = FALSE
	EndGlobalSection
	GlobalSection(ExtensibilityGlobals) = postSolution
		SolutionGuid = {6C9782E0-9928-40D3-A77B-0E2F2C5A6538}
	EndGlobalSection
EndGlobal
